
Microsoft Visual Studio Solution File, Format Version 12.00
# Visual Studio Version 17
VisualStudioVersion = 17.11.35312.102
MinimumVisualStudioVersion = 10.0.40219.1
Project("{FAE04EC0-301F-11D3-BF4B-00C04F79EFBC}") = "ProductsAPI", "ProductsAPI\ProductsAPI.csproj", "{33807073-DBAB-453B-8213-285BAB913389}"
EndProject
Global
	GlobalSection(SolutionConfigurationPlatforms) = preSolution
		Debug|Any CPU = Debug|Any CPU
		Release|Any CPU = Release|Any CPU
	EndGlobalSection
	GlobalSection(ProjectConfigurationPlatforms) = postSolution
		{33807073-DBAB-453B-8213-285BAB913389}.Debug|Any CPU.ActiveCfg = Debug|Any CPU
		{33807073-DBAB-453B-8213-285BAB913389}.Debug|Any CPU.Build.0 = Debug|Any CPU
		{33807073-DBAB-453B-8213-285BAB913389}.Release|Any CPU.ActiveCfg = Release|Any CPU
		{33807073-DBAB-453B-8213-285BAB913389}.Release|Any CPU.Build.0 = Release|Any CPU
	EndGlobalSection
	GlobalSection(SolutionProperties) = preSolution
		HideSolutionNode = FALSE
	EndGlobalSection
	GlobalSection(ExtensibilityGlobals) = postSolution
		SolutionGuid = {E2FCC2A8-6717-4FDF-ADFD-0537D8762586}
	EndGlobalSection
EndGlobal
